{
  "version": 3,
  "targets": {
    "net6.0": {
      "dotnet-script/1.3.1": {
        "type": "package"
      }
    },
    "net6.0/any": {
      "dotnet-script/1.3.1": {
        "type": "package",
        "tools": {
          "tools/net6.0/any/Dotnet.Script.Core.dll": {},
          "tools/net6.0/any/Dotnet.Script.Core.pdb": {},
          "tools/net6.0/any/Dotnet.Script.DependencyModel.NuGet.dll": {},
          "tools/net6.0/any/Dotnet.Script.DependencyModel.NuGet.pdb": {},
          "tools/net6.0/any/Dotnet.Script.DependencyModel.dll": {},
          "tools/net6.0/any/Dotnet.Script.DependencyModel.pdb": {},
          "tools/net6.0/any/DotnetToolSettings.xml": {},
          "tools/net6.0/any/Gapotchenko.FX.Reflection.Loader.dll": {},
          "tools/net6.0/any/Gapotchenko.FX.dll": {},
          "tools/net6.0/any/McMaster.Extensions.CommandLineUtils.dll": {},
          "tools/net6.0/any/Microsoft.CodeAnalysis.CSharp.Scripting.dll": {},
          "tools/net6.0/any/Microsoft.CodeAnalysis.CSharp.dll": {},
          "tools/net6.0/any/Microsoft.CodeAnalysis.Scripting.dll": {},
          "tools/net6.0/any/Microsoft.CodeAnalysis.dll": {},
          "tools/net6.0/any/Microsoft.DotNet.PlatformAbstractions.dll": {},
          "tools/net6.0/any/Microsoft.Extensions.Configuration.Abstractions.dll": {},
          "tools/net6.0/any/Microsoft.Extensions.Configuration.Binder.dll": {},
          "tools/net6.0/any/Microsoft.Extensions.Configuration.dll": {},
          "tools/net6.0/any/Microsoft.Extensions.DependencyInjection.Abstractions.dll": {},
          "tools/net6.0/any/Microsoft.Extensions.DependencyInjection.dll": {},
          "tools/net6.0/any/Microsoft.Extensions.Logging.Abstractions.dll": {},
          "tools/net6.0/any/Microsoft.Extensions.Logging.Configuration.dll": {},
          "tools/net6.0/any/Microsoft.Extensions.Logging.Console.dll": {},
          "tools/net6.0/any/Microsoft.Extensions.Logging.dll": {},
          "tools/net6.0/any/Microsoft.Extensions.Options.ConfigurationExtensions.dll": {},
          "tools/net6.0/any/Microsoft.Extensions.Options.dll": {},
          "tools/net6.0/any/Microsoft.Extensions.Primitives.dll": {},
          "tools/net6.0/any/Microsoft.Win32.SystemEvents.dll": {},
          "tools/net6.0/any/Newtonsoft.Json.dll": {},
          "tools/net6.0/any/NuGet.Common.dll": {},
          "tools/net6.0/any/NuGet.Configuration.dll": {},
          "tools/net6.0/any/NuGet.DependencyResolver.Core.dll": {},
          "tools/net6.0/any/NuGet.Frameworks.dll": {},
          "tools/net6.0/any/NuGet.LibraryModel.dll": {},
          "tools/net6.0/any/NuGet.Packaging.dll": {},
          "tools/net6.0/any/NuGet.ProjectModel.dll": {},
          "tools/net6.0/any/NuGet.Protocol.dll": {},
          "tools/net6.0/any/NuGet.Versioning.dll": {},
          "tools/net6.0/any/ReadLine.dll": {},
          "tools/net6.0/any/System.Configuration.ConfigurationManager.dll": {},
          "tools/net6.0/any/System.Drawing.Common.dll": {},
          "tools/net6.0/any/System.Security.Cryptography.ProtectedData.dll": {},
          "tools/net6.0/any/System.Security.Permissions.dll": {},
          "tools/net6.0/any/System.Windows.Extensions.dll": {},
          "tools/net6.0/any/cs/Microsoft.CodeAnalysis.CSharp.Scripting.resources.dll": {},
          "tools/net6.0/any/cs/Microsoft.CodeAnalysis.CSharp.resources.dll": {},
          "tools/net6.0/any/cs/Microsoft.CodeAnalysis.Scripting.resources.dll": {},
          "tools/net6.0/any/cs/Microsoft.CodeAnalysis.resources.dll": {},
          "tools/net6.0/any/de/Microsoft.CodeAnalysis.CSharp.Scripting.resources.dll": {},
          "tools/net6.0/any/de/Microsoft.CodeAnalysis.CSharp.resources.dll": {},
          "tools/net6.0/any/de/Microsoft.CodeAnalysis.Scripting.resources.dll": {},
          "tools/net6.0/any/de/Microsoft.CodeAnalysis.resources.dll": {},
          "tools/net6.0/any/dotnet-script.deps.json": {},
          "tools/net6.0/any/dotnet-script.dll": {},
          "tools/net6.0/any/dotnet-script.pdb": {},
          "tools/net6.0/any/dotnet-script.runtimeconfig.json": {},
          "tools/net6.0/any/es/Microsoft.CodeAnalysis.CSharp.Scripting.resources.dll": {},
          "tools/net6.0/any/es/Microsoft.CodeAnalysis.CSharp.resources.dll": {},
          "tools/net6.0/any/es/Microsoft.CodeAnalysis.Scripting.resources.dll": {},
          "tools/net6.0/any/es/Microsoft.CodeAnalysis.resources.dll": {},
          "tools/net6.0/any/fr/Microsoft.CodeAnalysis.CSharp.Scripting.resources.dll": {},
          "tools/net6.0/any/fr/Microsoft.CodeAnalysis.CSharp.resources.dll": {},
          "tools/net6.0/any/fr/Microsoft.CodeAnalysis.Scripting.resources.dll": {},
          "tools/net6.0/any/fr/Microsoft.CodeAnalysis.resources.dll": {},
          "tools/net6.0/any/it/Microsoft.CodeAnalysis.CSharp.Scripting.resources.dll": {},
          "tools/net6.0/any/it/Microsoft.CodeAnalysis.CSharp.resources.dll": {},
          "tools/net6.0/any/it/Microsoft.CodeAnalysis.Scripting.resources.dll": {},
          "tools/net6.0/any/it/Microsoft.CodeAnalysis.resources.dll": {},
          "tools/net6.0/any/ja/Microsoft.CodeAnalysis.CSharp.Scripting.resources.dll": {},
          "tools/net6.0/any/ja/Microsoft.CodeAnalysis.CSharp.resources.dll": {},
          "tools/net6.0/any/ja/Microsoft.CodeAnalysis.Scripting.resources.dll": {},
          "tools/net6.0/any/ja/Microsoft.CodeAnalysis.resources.dll": {},
          "tools/net6.0/any/ko/Microsoft.CodeAnalysis.CSharp.Scripting.resources.dll": {},
          "tools/net6.0/any/ko/Microsoft.CodeAnalysis.CSharp.resources.dll": {},
          "tools/net6.0/any/ko/Microsoft.CodeAnalysis.Scripting.resources.dll": {},
          "tools/net6.0/any/ko/Microsoft.CodeAnalysis.resources.dll": {},
          "tools/net6.0/any/pl/Microsoft.CodeAnalysis.CSharp.Scripting.resources.dll": {},
          "tools/net6.0/any/pl/Microsoft.CodeAnalysis.CSharp.resources.dll": {},
          "tools/net6.0/any/pl/Microsoft.CodeAnalysis.Scripting.resources.dll": {},
          "tools/net6.0/any/pl/Microsoft.CodeAnalysis.resources.dll": {},
          "tools/net6.0/any/pt-BR/Microsoft.CodeAnalysis.CSharp.Scripting.resources.dll": {},
          "tools/net6.0/any/pt-BR/Microsoft.CodeAnalysis.CSharp.resources.dll": {},
          "tools/net6.0/any/pt-BR/Microsoft.CodeAnalysis.Scripting.resources.dll": {},
          "tools/net6.0/any/pt-BR/Microsoft.CodeAnalysis.resources.dll": {},
          "tools/net6.0/any/ru/Microsoft.CodeAnalysis.CSharp.Scripting.resources.dll": {},
          "tools/net6.0/any/ru/Microsoft.CodeAnalysis.CSharp.resources.dll": {},
          "tools/net6.0/any/ru/Microsoft.CodeAnalysis.Scripting.resources.dll": {},
          "tools/net6.0/any/ru/Microsoft.CodeAnalysis.resources.dll": {},
          "tools/net6.0/any/runtimes/unix/lib/netcoreapp3.0/System.Drawing.Common.dll": {},
          "tools/net6.0/any/runtimes/win/lib/netcoreapp3.0/Microsoft.Win32.SystemEvents.dll": {},
          "tools/net6.0/any/runtimes/win/lib/netcoreapp3.0/System.Drawing.Common.dll": {},
          "tools/net6.0/any/runtimes/win/lib/netcoreapp3.0/System.Windows.Extensions.dll": {},
          "tools/net6.0/any/runtimes/win/lib/netstandard2.0/System.Security.Cryptography.ProtectedData.dll": {},
          "tools/net6.0/any/tr/Microsoft.CodeAnalysis.CSharp.Scripting.resources.dll": {},
          "tools/net6.0/any/tr/Microsoft.CodeAnalysis.CSharp.resources.dll": {},
          "tools/net6.0/any/tr/Microsoft.CodeAnalysis.Scripting.resources.dll": {},
          "tools/net6.0/any/tr/Microsoft.CodeAnalysis.resources.dll": {},
          "tools/net6.0/any/zh-Hans/Microsoft.CodeAnalysis.CSharp.Scripting.resources.dll": {},
          "tools/net6.0/any/zh-Hans/Microsoft.CodeAnalysis.CSharp.resources.dll": {},
          "tools/net6.0/any/zh-Hans/Microsoft.CodeAnalysis.Scripting.resources.dll": {},
          "tools/net6.0/any/zh-Hans/Microsoft.CodeAnalysis.resources.dll": {},
          "tools/net6.0/any/zh-Hant/Microsoft.CodeAnalysis.CSharp.Scripting.resources.dll": {},
          "tools/net6.0/any/zh-Hant/Microsoft.CodeAnalysis.CSharp.resources.dll": {},
          "tools/net6.0/any/zh-Hant/Microsoft.CodeAnalysis.Scripting.resources.dll": {},
          "tools/net6.0/any/zh-Hant/Microsoft.CodeAnalysis.resources.dll": {}
        }
      }
    }
  },
  "libraries": {
    "dotnet-script/1.3.1": {
      "sha512": "YAFcR1QFISGaYR4WVZ2ZTCm1Mm9U+ozQWgYOJE9H/+obJ7ErpM2I23Kkntfllb244xwZwGlsB4a3+rcGPqO+PA==",
      "type": "package",
      "path": "dotnet-script/1.3.1",
      "hasTools": true,
      "files": [
        ".nupkg.metadata",
        ".signature.p7s",
        "dotnet-script.1.3.1.nupkg.sha512",
        "dotnet-script.nuspec",
        "tools/net5.0/any/Dotnet.Script.Core.dll",
        "tools/net5.0/any/Dotnet.Script.Core.pdb",
        "tools/net5.0/any/Dotnet.Script.DependencyModel.NuGet.dll",
        "tools/net5.0/any/Dotnet.Script.DependencyModel.NuGet.pdb",
        "tools/net5.0/any/Dotnet.Script.DependencyModel.dll",
        "tools/net5.0/any/Dotnet.Script.DependencyModel.pdb",
        "tools/net5.0/any/DotnetToolSettings.xml",
        "tools/net5.0/any/Gapotchenko.FX.Reflection.Loader.dll",
        "tools/net5.0/any/Gapotchenko.FX.dll",
        "tools/net5.0/any/McMaster.Extensions.CommandLineUtils.dll",
        "tools/net5.0/any/Microsoft.CodeAnalysis.CSharp.Scripting.dll",
        "tools/net5.0/any/Microsoft.CodeAnalysis.CSharp.dll",
        "tools/net5.0/any/Microsoft.CodeAnalysis.Scripting.dll",
        "tools/net5.0/any/Microsoft.CodeAnalysis.dll",
        "tools/net5.0/any/Microsoft.DotNet.PlatformAbstractions.dll",
        "tools/net5.0/any/Microsoft.Extensions.Configuration.Abstractions.dll",
        "tools/net5.0/any/Microsoft.Extensions.Configuration.Binder.dll",
        "tools/net5.0/any/Microsoft.Extensions.Configuration.dll",
        "tools/net5.0/any/Microsoft.Extensions.DependencyInjection.Abstractions.dll",
        "tools/net5.0/any/Microsoft.Extensions.DependencyInjection.dll",
        "tools/net5.0/any/Microsoft.Extensions.Logging.Abstractions.dll",
        "tools/net5.0/any/Microsoft.Extensions.Logging.Configuration.dll",
        "tools/net5.0/any/Microsoft.Extensions.Logging.Console.dll",
        "tools/net5.0/any/Microsoft.Extensions.Logging.dll",
        "tools/net5.0/any/Microsoft.Extensions.Options.ConfigurationExtensions.dll",
        "tools/net5.0/any/Microsoft.Extensions.Options.dll",
        "tools/net5.0/any/Microsoft.Extensions.Primitives.dll",
        "tools/net5.0/any/Microsoft.Win32.SystemEvents.dll",
        "tools/net5.0/any/Newtonsoft.Json.dll",
        "tools/net5.0/any/NuGet.Common.dll",
        "tools/net5.0/any/NuGet.Configuration.dll",
        "tools/net5.0/any/NuGet.DependencyResolver.Core.dll",
        "tools/net5.0/any/NuGet.Frameworks.dll",
        "tools/net5.0/any/NuGet.LibraryModel.dll",
        "tools/net5.0/any/NuGet.Packaging.dll",
        "tools/net5.0/any/NuGet.ProjectModel.dll",
        "tools/net5.0/any/NuGet.Protocol.dll",
        "tools/net5.0/any/NuGet.Versioning.dll",
        "tools/net5.0/any/ReadLine.dll",
        "tools/net5.0/any/System.Configuration.ConfigurationManager.dll",
        "tools/net5.0/any/System.Drawing.Common.dll",
        "tools/net5.0/any/System.Security.Cryptography.ProtectedData.dll",
        "tools/net5.0/any/System.Security.Permissions.dll",
        "tools/net5.0/any/System.Windows.Extensions.dll",
        "tools/net5.0/any/cs/Microsoft.CodeAnalysis.CSharp.Scripting.resources.dll",
        "tools/net5.0/any/cs/Microsoft.CodeAnalysis.CSharp.resources.dll",
        "tools/net5.0/any/cs/Microsoft.CodeAnalysis.Scripting.resources.dll",
        "tools/net5.0/any/cs/Microsoft.CodeAnalysis.resources.dll",
        "tools/net5.0/any/de/Microsoft.CodeAnalysis.CSharp.Scripting.resources.dll",
        "tools/net5.0/any/de/Microsoft.CodeAnalysis.CSharp.resources.dll",
        "tools/net5.0/any/de/Microsoft.CodeAnalysis.Scripting.resources.dll",
        "tools/net5.0/any/de/Microsoft.CodeAnalysis.resources.dll",
        "tools/net5.0/any/dotnet-script.deps.json",
        "tools/net5.0/any/dotnet-script.dll",
        "tools/net5.0/any/dotnet-script.pdb",
        "tools/net5.0/any/dotnet-script.runtimeconfig.json",
        "tools/net5.0/any/es/Microsoft.CodeAnalysis.CSharp.Scripting.resources.dll",
        "tools/net5.0/any/es/Microsoft.CodeAnalysis.CSharp.resources.dll",
        "tools/net5.0/any/es/Microsoft.CodeAnalysis.Scripting.resources.dll",
        "tools/net5.0/any/es/Microsoft.CodeAnalysis.resources.dll",
        "tools/net5.0/any/fr/Microsoft.CodeAnalysis.CSharp.Scripting.resources.dll",
        "tools/net5.0/any/fr/Microsoft.CodeAnalysis.CSharp.resources.dll",
        "tools/net5.0/any/fr/Microsoft.CodeAnalysis.Scripting.resources.dll",
        "tools/net5.0/any/fr/Microsoft.CodeAnalysis.resources.dll",
        "tools/net5.0/any/it/Microsoft.CodeAnalysis.CSharp.Scripting.resources.dll",
        "tools/net5.0/any/it/Microsoft.CodeAnalysis.CSharp.resources.dll",
        "tools/net5.0/any/it/Microsoft.CodeAnalysis.Scripting.resources.dll",
        "tools/net5.0/any/it/Microsoft.CodeAnalysis.resources.dll",
        "tools/net5.0/any/ja/Microsoft.CodeAnalysis.CSharp.Scripting.resources.dll",
        "tools/net5.0/any/ja/Microsoft.CodeAnalysis.CSharp.resources.dll",
        "tools/net5.0/any/ja/Microsoft.CodeAnalysis.Scripting.resources.dll",
        "tools/net5.0/any/ja/Microsoft.CodeAnalysis.resources.dll",
        "tools/net5.0/any/ko/Microsoft.CodeAnalysis.CSharp.Scripting.resources.dll",
        "tools/net5.0/any/ko/Microsoft.CodeAnalysis.CSharp.resources.dll",
        "tools/net5.0/any/ko/Microsoft.CodeAnalysis.Scripting.resources.dll",
        "tools/net5.0/any/ko/Microsoft.CodeAnalysis.resources.dll",
        "tools/net5.0/any/pl/Microsoft.CodeAnalysis.CSharp.Scripting.resources.dll",
        "tools/net5.0/any/pl/Microsoft.CodeAnalysis.CSharp.resources.dll",
        "tools/net5.0/any/pl/Microsoft.CodeAnalysis.Scripting.resources.dll",
        "tools/net5.0/any/pl/Microsoft.CodeAnalysis.resources.dll",
        "tools/net5.0/any/pt-BR/Microsoft.CodeAnalysis.CSharp.Scripting.resources.dll",
        "tools/net5.0/any/pt-BR/Microsoft.CodeAnalysis.CSharp.resources.dll",
        "tools/net5.0/any/pt-BR/Microsoft.CodeAnalysis.Scripting.resources.dll",
        "tools/net5.0/any/pt-BR/Microsoft.CodeAnalysis.resources.dll",
        "tools/net5.0/any/ru/Microsoft.CodeAnalysis.CSharp.Scripting.resources.dll",
        "tools/net5.0/any/ru/Microsoft.CodeAnalysis.CSharp.resources.dll",
        "tools/net5.0/any/ru/Microsoft.CodeAnalysis.Scripting.resources.dll",
        "tools/net5.0/any/ru/Microsoft.CodeAnalysis.resources.dll",
        "tools/net5.0/any/runtimes/unix/lib/netcoreapp3.0/System.Drawing.Common.dll",
        "tools/net5.0/any/runtimes/win/lib/netcoreapp3.0/Microsoft.Win32.SystemEvents.dll",
        "tools/net5.0/any/runtimes/win/lib/netcoreapp3.0/System.Drawing.Common.dll",
        "tools/net5.0/any/runtimes/win/lib/netcoreapp3.0/System.Windows.Extensions.dll",
        "tools/net5.0/any/runtimes/win/lib/netstandard2.0/System.Security.Cryptography.ProtectedData.dll",
        "tools/net5.0/any/tr/Microsoft.CodeAnalysis.CSharp.Scripting.resources.dll",
        "tools/net5.0/any/tr/Microsoft.CodeAnalysis.CSharp.resources.dll",
        "tools/net5.0/any/tr/Microsoft.CodeAnalysis.Scripting.resources.dll",
        "tools/net5.0/any/tr/Microsoft.CodeAnalysis.resources.dll",
        "tools/net5.0/any/zh-Hans/Microsoft.CodeAnalysis.CSharp.Scripting.resources.dll",
        "tools/net5.0/any/zh-Hans/Microsoft.CodeAnalysis.CSharp.resources.dll",
        "tools/net5.0/any/zh-Hans/Microsoft.CodeAnalysis.Scripting.resources.dll",
        "tools/net5.0/any/zh-Hans/Microsoft.CodeAnalysis.resources.dll",
        "tools/net5.0/any/zh-Hant/Microsoft.CodeAnalysis.CSharp.Scripting.resources.dll",
        "tools/net5.0/any/zh-Hant/Microsoft.CodeAnalysis.CSharp.resources.dll",
        "tools/net5.0/any/zh-Hant/Microsoft.CodeAnalysis.Scripting.resources.dll",
        "tools/net5.0/any/zh-Hant/Microsoft.CodeAnalysis.resources.dll",
        "tools/net6.0/any/Dotnet.Script.Core.dll",
        "tools/net6.0/any/Dotnet.Script.Core.pdb",
        "tools/net6.0/any/Dotnet.Script.DependencyModel.NuGet.dll",
        "tools/net6.0/any/Dotnet.Script.DependencyModel.NuGet.pdb",
        "tools/net6.0/any/Dotnet.Script.DependencyModel.dll",
        "tools/net6.0/any/Dotnet.Script.DependencyModel.pdb",
        "tools/net6.0/any/DotnetToolSettings.xml",
        "tools/net6.0/any/Gapotchenko.FX.Reflection.Loader.dll",
        "tools/net6.0/any/Gapotchenko.FX.dll",
        "tools/net6.0/any/McMaster.Extensions.CommandLineUtils.dll",
        "tools/net6.0/any/Microsoft.CodeAnalysis.CSharp.Scripting.dll",
        "tools/net6.0/any/Microsoft.CodeAnalysis.CSharp.dll",
        "tools/net6.0/any/Microsoft.CodeAnalysis.Scripting.dll",
        "tools/net6.0/any/Microsoft.CodeAnalysis.dll",
        "tools/net6.0/any/Microsoft.DotNet.PlatformAbstractions.dll",
        "tools/net6.0/any/Microsoft.Extensions.Configuration.Abstractions.dll",
        "tools/net6.0/any/Microsoft.Extensions.Configuration.Binder.dll",
        "tools/net6.0/any/Microsoft.Extensions.Configuration.dll",
        "tools/net6.0/any/Microsoft.Extensions.DependencyInjection.Abstractions.dll",
        "tools/net6.0/any/Microsoft.Extensions.DependencyInjection.dll",
        "tools/net6.0/any/Microsoft.Extensions.Logging.Abstractions.dll",
        "tools/net6.0/any/Microsoft.Extensions.Logging.Configuration.dll",
        "tools/net6.0/any/Microsoft.Extensions.Logging.Console.dll",
        "tools/net6.0/any/Microsoft.Extensions.Logging.dll",
        "tools/net6.0/any/Microsoft.Extensions.Options.ConfigurationExtensions.dll",
        "tools/net6.0/any/Microsoft.Extensions.Options.dll",
        "tools/net6.0/any/Microsoft.Extensions.Primitives.dll",
        "tools/net6.0/any/Microsoft.Win32.SystemEvents.dll",
        "tools/net6.0/any/Newtonsoft.Json.dll",
        "tools/net6.0/any/NuGet.Common.dll",
        "tools/net6.0/any/NuGet.Configuration.dll",
        "tools/net6.0/any/NuGet.DependencyResolver.Core.dll",
        "tools/net6.0/any/NuGet.Frameworks.dll",
        "tools/net6.0/any/NuGet.LibraryModel.dll",
        "tools/net6.0/any/NuGet.Packaging.dll",
        "tools/net6.0/any/NuGet.ProjectModel.dll",
        "tools/net6.0/any/NuGet.Protocol.dll",
        "tools/net6.0/any/NuGet.Versioning.dll",
        "tools/net6.0/any/ReadLine.dll",
        "tools/net6.0/any/System.Configuration.ConfigurationManager.dll",
        "tools/net6.0/any/System.Drawing.Common.dll",
        "tools/net6.0/any/System.Security.Cryptography.ProtectedData.dll",
        "tools/net6.0/any/System.Security.Permissions.dll",
        "tools/net6.0/any/System.Windows.Extensions.dll",
        "tools/net6.0/any/cs/Microsoft.CodeAnalysis.CSharp.Scripting.resources.dll",
        "tools/net6.0/any/cs/Microsoft.CodeAnalysis.CSharp.resources.dll",
        "tools/net6.0/any/cs/Microsoft.CodeAnalysis.Scripting.resources.dll",
        "tools/net6.0/any/cs/Microsoft.CodeAnalysis.resources.dll",
        "tools/net6.0/any/de/Microsoft.CodeAnalysis.CSharp.Scripting.resources.dll",
        "tools/net6.0/any/de/Microsoft.CodeAnalysis.CSharp.resources.dll",
        "tools/net6.0/any/de/Microsoft.CodeAnalysis.Scripting.resources.dll",
        "tools/net6.0/any/de/Microsoft.CodeAnalysis.resources.dll",
        "tools/net6.0/any/dotnet-script.deps.json",
        "tools/net6.0/any/dotnet-script.dll",
        "tools/net6.0/any/dotnet-script.pdb",
        "tools/net6.0/any/dotnet-script.runtimeconfig.json",
        "tools/net6.0/any/es/Microsoft.CodeAnalysis.CSharp.Scripting.resources.dll",
        "tools/net6.0/any/es/Microsoft.CodeAnalysis.CSharp.resources.dll",
        "tools/net6.0/any/es/Microsoft.CodeAnalysis.Scripting.resources.dll",
        "tools/net6.0/any/es/Microsoft.CodeAnalysis.resources.dll",
        "tools/net6.0/any/fr/Microsoft.CodeAnalysis.CSharp.Scripting.resources.dll",
        "tools/net6.0/any/fr/Microsoft.CodeAnalysis.CSharp.resources.dll",
        "tools/net6.0/any/fr/Microsoft.CodeAnalysis.Scripting.resources.dll",
        "tools/net6.0/any/fr/Microsoft.CodeAnalysis.resources.dll",
        "tools/net6.0/any/it/Microsoft.CodeAnalysis.CSharp.Scripting.resources.dll",
        "tools/net6.0/any/it/Microsoft.CodeAnalysis.CSharp.resources.dll",
        "tools/net6.0/any/it/Microsoft.CodeAnalysis.Scripting.resources.dll",
        "tools/net6.0/any/it/Microsoft.CodeAnalysis.resources.dll",
        "tools/net6.0/any/ja/Microsoft.CodeAnalysis.CSharp.Scripting.resources.dll",
        "tools/net6.0/any/ja/Microsoft.CodeAnalysis.CSharp.resources.dll",
        "tools/net6.0/any/ja/Microsoft.CodeAnalysis.Scripting.resources.dll",
        "tools/net6.0/any/ja/Microsoft.CodeAnalysis.resources.dll",
        "tools/net6.0/any/ko/Microsoft.CodeAnalysis.CSharp.Scripting.resources.dll",
        "tools/net6.0/any/ko/Microsoft.CodeAnalysis.CSharp.resources.dll",
        "tools/net6.0/any/ko/Microsoft.CodeAnalysis.Scripting.resources.dll",
        "tools/net6.0/any/ko/Microsoft.CodeAnalysis.resources.dll",
        "tools/net6.0/any/pl/Microsoft.CodeAnalysis.CSharp.Scripting.resources.dll",
        "tools/net6.0/any/pl/Microsoft.CodeAnalysis.CSharp.resources.dll",
        "tools/net6.0/any/pl/Microsoft.CodeAnalysis.Scripting.resources.dll",
        "tools/net6.0/any/pl/Microsoft.CodeAnalysis.resources.dll",
        "tools/net6.0/any/pt-BR/Microsoft.CodeAnalysis.CSharp.Scripting.resources.dll",
        "tools/net6.0/any/pt-BR/Microsoft.CodeAnalysis.CSharp.resources.dll",
        "tools/net6.0/any/pt-BR/Microsoft.CodeAnalysis.Scripting.resources.dll",
        "tools/net6.0/any/pt-BR/Microsoft.CodeAnalysis.resources.dll",
        "tools/net6.0/any/ru/Microsoft.CodeAnalysis.CSharp.Scripting.resources.dll",
        "tools/net6.0/any/ru/Microsoft.CodeAnalysis.CSharp.resources.dll",
        "tools/net6.0/any/ru/Microsoft.CodeAnalysis.Scripting.resources.dll",
        "tools/net6.0/any/ru/Microsoft.CodeAnalysis.resources.dll",
        "tools/net6.0/any/runtimes/unix/lib/netcoreapp3.0/System.Drawing.Common.dll",
        "tools/net6.0/any/runtimes/win/lib/netcoreapp3.0/Microsoft.Win32.SystemEvents.dll",
        "tools/net6.0/any/runtimes/win/lib/netcoreapp3.0/System.Drawing.Common.dll",
        "tools/net6.0/any/runtimes/win/lib/netcoreapp3.0/System.Windows.Extensions.dll",
        "tools/net6.0/any/runtimes/win/lib/netstandard2.0/System.Security.Cryptography.ProtectedData.dll",
        "tools/net6.0/any/tr/Microsoft.CodeAnalysis.CSharp.Scripting.resources.dll",
        "tools/net6.0/any/tr/Microsoft.CodeAnalysis.CSharp.resources.dll",
        "tools/net6.0/any/tr/Microsoft.CodeAnalysis.Scripting.resources.dll",
        "tools/net6.0/any/tr/Microsoft.CodeAnalysis.resources.dll",
        "tools/net6.0/any/zh-Hans/Microsoft.CodeAnalysis.CSharp.Scripting.resources.dll",
        "tools/net6.0/any/zh-Hans/Microsoft.CodeAnalysis.CSharp.resources.dll",
        "tools/net6.0/any/zh-Hans/Microsoft.CodeAnalysis.Scripting.resources.dll",
        "tools/net6.0/any/zh-Hans/Microsoft.CodeAnalysis.resources.dll",
        "tools/net6.0/any/zh-Hant/Microsoft.CodeAnalysis.CSharp.Scripting.resources.dll",
        "tools/net6.0/any/zh-Hant/Microsoft.CodeAnalysis.CSharp.resources.dll",
        "tools/net6.0/any/zh-Hant/Microsoft.CodeAnalysis.Scripting.resources.dll",
        "tools/net6.0/any/zh-Hant/Microsoft.CodeAnalysis.resources.dll",
        "tools/netcoreapp3.1/any/Dotnet.Script.Core.dll",
        "tools/netcoreapp3.1/any/Dotnet.Script.Core.pdb",
        "tools/netcoreapp3.1/any/Dotnet.Script.DependencyModel.NuGet.dll",
        "tools/netcoreapp3.1/any/Dotnet.Script.DependencyModel.NuGet.pdb",
        "tools/netcoreapp3.1/any/Dotnet.Script.DependencyModel.dll",
        "tools/netcoreapp3.1/any/Dotnet.Script.DependencyModel.pdb",
        "tools/netcoreapp3.1/any/DotnetToolSettings.xml",
        "tools/netcoreapp3.1/any/Gapotchenko.FX.Reflection.Loader.dll",
        "tools/netcoreapp3.1/any/Gapotchenko.FX.dll",
        "tools/netcoreapp3.1/any/McMaster.Extensions.CommandLineUtils.dll",
        "tools/netcoreapp3.1/any/Microsoft.CodeAnalysis.CSharp.Scripting.dll",
        "tools/netcoreapp3.1/any/Microsoft.CodeAnalysis.CSharp.dll",
        "tools/netcoreapp3.1/any/Microsoft.CodeAnalysis.Scripting.dll",
        "tools/netcoreapp3.1/any/Microsoft.CodeAnalysis.dll",
        "tools/netcoreapp3.1/any/Microsoft.DotNet.PlatformAbstractions.dll",
        "tools/netcoreapp3.1/any/Microsoft.Extensions.Configuration.Abstractions.dll",
        "tools/netcoreapp3.1/any/Microsoft.Extensions.Configuration.Binder.dll",
        "tools/netcoreapp3.1/any/Microsoft.Extensions.Configuration.dll",
        "tools/netcoreapp3.1/any/Microsoft.Extensions.DependencyInjection.Abstractions.dll",
        "tools/netcoreapp3.1/any/Microsoft.Extensions.DependencyInjection.dll",
        "tools/netcoreapp3.1/any/Microsoft.Extensions.Logging.Abstractions.dll",
        "tools/netcoreapp3.1/any/Microsoft.Extensions.Logging.Configuration.dll",
        "tools/netcoreapp3.1/any/Microsoft.Extensions.Logging.Console.dll",
        "tools/netcoreapp3.1/any/Microsoft.Extensions.Logging.dll",
        "tools/netcoreapp3.1/any/Microsoft.Extensions.Options.ConfigurationExtensions.dll",
        "tools/netcoreapp3.1/any/Microsoft.Extensions.Options.dll",
        "tools/netcoreapp3.1/any/Microsoft.Extensions.Primitives.dll",
        "tools/netcoreapp3.1/any/Microsoft.Win32.SystemEvents.dll",
        "tools/netcoreapp3.1/any/Newtonsoft.Json.dll",
        "tools/netcoreapp3.1/any/NuGet.Common.dll",
        "tools/netcoreapp3.1/any/NuGet.Configuration.dll",
        "tools/netcoreapp3.1/any/NuGet.DependencyResolver.Core.dll",
        "tools/netcoreapp3.1/any/NuGet.Frameworks.dll",
        "tools/netcoreapp3.1/any/NuGet.LibraryModel.dll",
        "tools/netcoreapp3.1/any/NuGet.Packaging.dll",
        "tools/netcoreapp3.1/any/NuGet.ProjectModel.dll",
        "tools/netcoreapp3.1/any/NuGet.Protocol.dll",
        "tools/netcoreapp3.1/any/NuGet.Versioning.dll",
        "tools/netcoreapp3.1/any/ReadLine.dll",
        "tools/netcoreapp3.1/any/System.Collections.Immutable.dll",
        "tools/netcoreapp3.1/any/System.Configuration.ConfigurationManager.dll",
        "tools/netcoreapp3.1/any/System.Diagnostics.DiagnosticSource.dll",
        "tools/netcoreapp3.1/any/System.Drawing.Common.dll",
        "tools/netcoreapp3.1/any/System.Reflection.Metadata.dll",
        "tools/netcoreapp3.1/any/System.Runtime.CompilerServices.Unsafe.dll",
        "tools/netcoreapp3.1/any/System.Security.AccessControl.dll",
        "tools/netcoreapp3.1/any/System.Security.Cryptography.ProtectedData.dll",
        "tools/netcoreapp3.1/any/System.Security.Permissions.dll",
        "tools/netcoreapp3.1/any/System.Security.Principal.Windows.dll",
        "tools/netcoreapp3.1/any/System.Text.Encoding.CodePages.dll",
        "tools/netcoreapp3.1/any/System.Text.Json.dll",
        "tools/netcoreapp3.1/any/System.Windows.Extensions.dll",
        "tools/netcoreapp3.1/any/cs/Microsoft.CodeAnalysis.CSharp.Scripting.resources.dll",
        "tools/netcoreapp3.1/any/cs/Microsoft.CodeAnalysis.CSharp.resources.dll",
        "tools/netcoreapp3.1/any/cs/Microsoft.CodeAnalysis.Scripting.resources.dll",
        "tools/netcoreapp3.1/any/cs/Microsoft.CodeAnalysis.resources.dll",
        "tools/netcoreapp3.1/any/de/Microsoft.CodeAnalysis.CSharp.Scripting.resources.dll",
        "tools/netcoreapp3.1/any/de/Microsoft.CodeAnalysis.CSharp.resources.dll",
        "tools/netcoreapp3.1/any/de/Microsoft.CodeAnalysis.Scripting.resources.dll",
        "tools/netcoreapp3.1/any/de/Microsoft.CodeAnalysis.resources.dll",
        "tools/netcoreapp3.1/any/dotnet-script.deps.json",
        "tools/netcoreapp3.1/any/dotnet-script.dll",
        "tools/netcoreapp3.1/any/dotnet-script.pdb",
        "tools/netcoreapp3.1/any/dotnet-script.runtimeconfig.json",
        "tools/netcoreapp3.1/any/es/Microsoft.CodeAnalysis.CSharp.Scripting.resources.dll",
        "tools/netcoreapp3.1/any/es/Microsoft.CodeAnalysis.CSharp.resources.dll",
        "tools/netcoreapp3.1/any/es/Microsoft.CodeAnalysis.Scripting.resources.dll",
        "tools/netcoreapp3.1/any/es/Microsoft.CodeAnalysis.resources.dll",
        "tools/netcoreapp3.1/any/fr/Microsoft.CodeAnalysis.CSharp.Scripting.resources.dll",
        "tools/netcoreapp3.1/any/fr/Microsoft.CodeAnalysis.CSharp.resources.dll",
        "tools/netcoreapp3.1/any/fr/Microsoft.CodeAnalysis.Scripting.resources.dll",
        "tools/netcoreapp3.1/any/fr/Microsoft.CodeAnalysis.resources.dll",
        "tools/netcoreapp3.1/any/it/Microsoft.CodeAnalysis.CSharp.Scripting.resources.dll",
        "tools/netcoreapp3.1/any/it/Microsoft.CodeAnalysis.CSharp.resources.dll",
        "tools/netcoreapp3.1/any/it/Microsoft.CodeAnalysis.Scripting.resources.dll",
        "tools/netcoreapp3.1/any/it/Microsoft.CodeAnalysis.resources.dll",
        "tools/netcoreapp3.1/any/ja/Microsoft.CodeAnalysis.CSharp.Scripting.resources.dll",
        "tools/netcoreapp3.1/any/ja/Microsoft.CodeAnalysis.CSharp.resources.dll",
        "tools/netcoreapp3.1/any/ja/Microsoft.CodeAnalysis.Scripting.resources.dll",
        "tools/netcoreapp3.1/any/ja/Microsoft.CodeAnalysis.resources.dll",
        "tools/netcoreapp3.1/any/ko/Microsoft.CodeAnalysis.CSharp.Scripting.resources.dll",
        "tools/netcoreapp3.1/any/ko/Microsoft.CodeAnalysis.CSharp.resources.dll",
        "tools/netcoreapp3.1/any/ko/Microsoft.CodeAnalysis.Scripting.resources.dll",
        "tools/netcoreapp3.1/any/ko/Microsoft.CodeAnalysis.resources.dll",
        "tools/netcoreapp3.1/any/pl/Microsoft.CodeAnalysis.CSharp.Scripting.resources.dll",
        "tools/netcoreapp3.1/any/pl/Microsoft.CodeAnalysis.CSharp.resources.dll",
        "tools/netcoreapp3.1/any/pl/Microsoft.CodeAnalysis.Scripting.resources.dll",
        "tools/netcoreapp3.1/any/pl/Microsoft.CodeAnalysis.resources.dll",
        "tools/netcoreapp3.1/any/pt-BR/Microsoft.CodeAnalysis.CSharp.Scripting.resources.dll",
        "tools/netcoreapp3.1/any/pt-BR/Microsoft.CodeAnalysis.CSharp.resources.dll",
        "tools/netcoreapp3.1/any/pt-BR/Microsoft.CodeAnalysis.Scripting.resources.dll",
        "tools/netcoreapp3.1/any/pt-BR/Microsoft.CodeAnalysis.resources.dll",
        "tools/netcoreapp3.1/any/ru/Microsoft.CodeAnalysis.CSharp.Scripting.resources.dll",
        "tools/netcoreapp3.1/any/ru/Microsoft.CodeAnalysis.CSharp.resources.dll",
        "tools/netcoreapp3.1/any/ru/Microsoft.CodeAnalysis.Scripting.resources.dll",
        "tools/netcoreapp3.1/any/ru/Microsoft.CodeAnalysis.resources.dll",
        "tools/netcoreapp3.1/any/runtimes/unix/lib/netcoreapp2.1/System.Security.Principal.Windows.dll",
        "tools/netcoreapp3.1/any/runtimes/unix/lib/netcoreapp3.0/System.Drawing.Common.dll",
        "tools/netcoreapp3.1/any/runtimes/win/lib/netcoreapp2.0/System.Security.AccessControl.dll",
        "tools/netcoreapp3.1/any/runtimes/win/lib/netcoreapp2.0/System.Text.Encoding.CodePages.dll",
        "tools/netcoreapp3.1/any/runtimes/win/lib/netcoreapp2.1/System.Security.Principal.Windows.dll",
        "tools/netcoreapp3.1/any/runtimes/win/lib/netcoreapp3.0/Microsoft.Win32.SystemEvents.dll",
        "tools/netcoreapp3.1/any/runtimes/win/lib/netcoreapp3.0/System.Drawing.Common.dll",
        "tools/netcoreapp3.1/any/runtimes/win/lib/netcoreapp3.0/System.Windows.Extensions.dll",
        "tools/netcoreapp3.1/any/runtimes/win/lib/netstandard2.0/System.Security.Cryptography.ProtectedData.dll",
        "tools/netcoreapp3.1/any/tr/Microsoft.CodeAnalysis.CSharp.Scripting.resources.dll",
        "tools/netcoreapp3.1/any/tr/Microsoft.CodeAnalysis.CSharp.resources.dll",
        "tools/netcoreapp3.1/any/tr/Microsoft.CodeAnalysis.Scripting.resources.dll",
        "tools/netcoreapp3.1/any/tr/Microsoft.CodeAnalysis.resources.dll",
        "tools/netcoreapp3.1/any/zh-Hans/Microsoft.CodeAnalysis.CSharp.Scripting.resources.dll",
        "tools/netcoreapp3.1/any/zh-Hans/Microsoft.CodeAnalysis.CSharp.resources.dll",
        "tools/netcoreapp3.1/any/zh-Hans/Microsoft.CodeAnalysis.Scripting.resources.dll",
        "tools/netcoreapp3.1/any/zh-Hans/Microsoft.CodeAnalysis.resources.dll",
        "tools/netcoreapp3.1/any/zh-Hant/Microsoft.CodeAnalysis.CSharp.Scripting.resources.dll",
        "tools/netcoreapp3.1/any/zh-Hant/Microsoft.CodeAnalysis.CSharp.resources.dll",
        "tools/netcoreapp3.1/any/zh-Hant/Microsoft.CodeAnalysis.Scripting.resources.dll",
        "tools/netcoreapp3.1/any/zh-Hant/Microsoft.CodeAnalysis.resources.dll"
      ]
    }
  },
  "projectFileDependencyGroups": {
    "net6.0": [
      "dotnet-script >= *"
    ]
  },
  "packageFolders": {
    "C:\\Users\\ester\\.dotnet\\tools\\.store\\.stage\\uxbeqzq1.ibl": {}
  },
  "project": {
    "version": "1.0.0",
    "restore": {
      "projectUniqueName": "C:\\Users\\ester\\AppData\\Local\\Temp\\bfpirplq.vu3\\restore.csproj",
      "projectName": "restore",
      "projectPath": "C:\\Users\\ester\\AppData\\Local\\Temp\\bfpirplq.vu3\\restore.csproj",
      "packagesPath": "C:\\Users\\ester\\.dotnet\\tools\\.store\\.stage\\uxbeqzq1.ibl",
      "outputPath": "C:\\Users\\ester\\.dotnet\\tools\\.store\\.stage\\uxbeqzq1.ibl\\",
      "projectStyle": "DotnetToolReference",
      "configFilePaths": [
        "C:\\Users\\ester\\AppData\\Roaming\\NuGet\\NuGet.Config"
      ],
      "originalTargetFrameworks": [
        "net6.0"
      ],
      "sources": {
        "https://api.nuget.org/v3/index.json": {}
      },
      "frameworks": {
        "net6.0": {
          "targetAlias": "net6.0",
          "projectReferences": {}
        }
      },
      "warningProperties": {
        "warnAsError": [
          "NU1605"
        ]
      }
    },
    "frameworks": {
      "net6.0": {
        "targetAlias": "net6.0",
        "dependencies": {
          "dotnet-script": {
            "target": "Package",
            "version": "[*, )"
          }
        },
        "imports": [
          "net461",
          "net462",
          "net47",
          "net471",
          "net472",
          "net48"
        ],
        "assetTargetFallback": true,
        "warn": true,
        "runtimeIdentifierGraphPath": "C:\\Program Files\\dotnet\\sdk\\6.0.200\\RuntimeIdentifierGraph.json"
      }
    },
    "runtimes": {
      "any": {
        "#import": []
      }
    }
  }
}